
Microsoft Visual Studio Solution File, Format Version 12.00
# Visual Studio Version 17
VisualStudioVersion = 17.12.35707.178
MinimumVisualStudioVersion = 10.0.40219.1
Project("{FAE04EC0-301F-11D3-BF4B-00C04F79EFBC}") = "Lexilearn.WebApi", "Lexilearn.WebApi\Lexilearn.WebApi.csproj", "{F9871CE4-620C-4EE9-B67F-98B558FADCD5}"
EndProject
Project("{2150E333-8FDC-42A3-9474-1A3956D46DE8}") = "docs", "docs", "{6F9D2F95-90DC-4108-860B-2999E7F82640}"
EndProject
Project("{2150E333-8FDC-42A3-9474-1A3956D46DE8}") = "src", "src", "{7F93A57C-29A1-4AD0-B362-1278FEEF8B1F}"
EndProject
Project("{2150E333-8FDC-42A3-9474-1A3956D46DE8}") = "tests", "tests", "{01AEF7C8-66B8-4304-AF0C-49AF7C80A85B}"
EndProject
Project("{2150E333-8FDC-42A3-9474-1A3956D46DE8}") = "API", "API", "{9594AAAA-0821-465D-85A8-54919ECF69FF}"
EndProject
Project("{2150E333-8FDC-42A3-9474-1A3956D46DE8}") = "Core", "Core", "{46D1EFBE-6080-4B6E-A542-07C6BED89110}"
EndProject
Project("{2150E333-8FDC-42A3-9474-1A3956D46DE8}") = "Infrastructure", "Infrastructure", "{A3E14435-F0B6-4983-A47B-74D3F9829BA9}"
EndProject
Project("{2150E333-8FDC-42A3-9474-1A3956D46DE8}") = "Persistence", "Persistence", "{7C27B86B-C07A-457B-AACC-AA45D6CD29D1}"
EndProject
Project("{FAE04EC0-301F-11D3-BF4B-00C04F79EFBC}") = "Lexilearn.Domain", "Lexilearn.Domain\Lexilearn.Domain.csproj", "{42F3C9E6-0C82-41C8-A910-B5560DCE2036}"
EndProject
Project("{FAE04EC0-301F-11D3-BF4B-00C04F79EFBC}") = "Lexilearn.Application", "Lexilearn.Application\Lexilearn.Application.csproj", "{AD1E6033-9171-4C83-8463-721BE57839F8}"
EndProject
Project("{FAE04EC0-301F-11D3-BF4B-00C04F79EFBC}") = "Leaxilearn.LibreTranslate", "Leaxilearn.LibreTranslate\Leaxilearn.LibreTranslate.csproj", "{823E8959-33E6-4CAA-9664-9017297622A2}"
EndProject
Project("{FAE04EC0-301F-11D3-BF4B-00C04F79EFBC}") = "Lexilearn.MySql", "Lexilearn.MySql\Lexilearn.MySql.csproj", "{D81049FE-9D4B-4C8C-AC95-916A99648E66}"
EndProject
Project("{FAE04EC0-301F-11D3-BF4B-00C04F79EFBC}") = "Lexilearn.Identity", "Lexilearn.Identity\Lexilearn.Identity.csproj", "{C678A8F2-45D7-4A40-B8A7-670BA0634E57}"
EndProject
Project("{FAE04EC0-301F-11D3-BF4B-00C04F79EFBC}") = "Lexilearn.Shared", "Lexilearn.Shared\Lexilearn.Shared.csproj", "{1E61D587-83B6-496A-B813-8CE1068F3699}"
EndProject
Global
	GlobalSection(SolutionConfigurationPlatforms) = preSolution
		Debug|Any CPU = Debug|Any CPU
		Release|Any CPU = Release|Any CPU
	EndGlobalSection
	GlobalSection(ProjectConfigurationPlatforms) = postSolution
		{F9871CE4-620C-4EE9-B67F-98B558FADCD5}.Debug|Any CPU.ActiveCfg = Debug|Any CPU
		{F9871CE4-620C-4EE9-B67F-98B558FADCD5}.Debug|Any CPU.Build.0 = Debug|Any CPU
		{F9871CE4-620C-4EE9-B67F-98B558FADCD5}.Release|Any CPU.ActiveCfg = Release|Any CPU
		{F9871CE4-620C-4EE9-B67F-98B558FADCD5}.Release|Any CPU.Build.0 = Release|Any CPU
		{42F3C9E6-0C82-41C8-A910-B5560DCE2036}.Debug|Any CPU.ActiveCfg = Debug|Any CPU
		{42F3C9E6-0C82-41C8-A910-B5560DCE2036}.Debug|Any CPU.Build.0 = Debug|Any CPU
		{42F3C9E6-0C82-41C8-A910-B5560DCE2036}.Release|Any CPU.ActiveCfg = Release|Any CPU
		{42F3C9E6-0C82-41C8-A910-B5560DCE2036}.Release|Any CPU.Build.0 = Release|Any CPU
		{AD1E6033-9171-4C83-8463-721BE57839F8}.Debug|Any CPU.ActiveCfg = Debug|Any CPU
		{AD1E6033-9171-4C83-8463-721BE57839F8}.Debug|Any CPU.Build.0 = Debug|Any CPU
		{AD1E6033-9171-4C83-8463-721BE57839F8}.Release|Any CPU.ActiveCfg = Release|Any CPU
		{AD1E6033-9171-4C83-8463-721BE57839F8}.Release|Any CPU.Build.0 = Release|Any CPU
		{823E8959-33E6-4CAA-9664-9017297622A2}.Debug|Any CPU.ActiveCfg = Debug|Any CPU
		{823E8959-33E6-4CAA-9664-9017297622A2}.Debug|Any CPU.Build.0 = Debug|Any CPU
		{823E8959-33E6-4CAA-9664-9017297622A2}.Release|Any CPU.ActiveCfg = Release|Any CPU
		{823E8959-33E6-4CAA-9664-9017297622A2}.Release|Any CPU.Build.0 = Release|Any CPU
		{D81049FE-9D4B-4C8C-AC95-916A99648E66}.Debug|Any CPU.ActiveCfg = Debug|Any CPU
		{D81049FE-9D4B-4C8C-AC95-916A99648E66}.Debug|Any CPU.Build.0 = Debug|Any CPU
		{D81049FE-9D4B-4C8C-AC95-916A99648E66}.Release|Any CPU.ActiveCfg = Release|Any CPU
		{D81049FE-9D4B-4C8C-AC95-916A99648E66}.Release|Any CPU.Build.0 = Release|Any CPU
		{C678A8F2-45D7-4A40-B8A7-670BA0634E57}.Debug|Any CPU.ActiveCfg = Debug|Any CPU
		{C678A8F2-45D7-4A40-B8A7-670BA0634E57}.Debug|Any CPU.Build.0 = Debug|Any CPU
		{C678A8F2-45D7-4A40-B8A7-670BA0634E57}.Release|Any CPU.ActiveCfg = Release|Any CPU
		{C678A8F2-45D7-4A40-B8A7-670BA0634E57}.Release|Any CPU.Build.0 = Release|Any CPU
		{1E61D587-83B6-496A-B813-8CE1068F3699}.Debug|Any CPU.ActiveCfg = Debug|Any CPU
		{1E61D587-83B6-496A-B813-8CE1068F3699}.Debug|Any CPU.Build.0 = Debug|Any CPU
		{1E61D587-83B6-496A-B813-8CE1068F3699}.Release|Any CPU.ActiveCfg = Release|Any CPU
		{1E61D587-83B6-496A-B813-8CE1068F3699}.Release|Any CPU.Build.0 = Release|Any CPU
	EndGlobalSection
	GlobalSection(SolutionProperties) = preSolution
		HideSolutionNode = FALSE
	EndGlobalSection
	GlobalSection(NestedProjects) = preSolution
		{F9871CE4-620C-4EE9-B67F-98B558FADCD5} = {9594AAAA-0821-465D-85A8-54919ECF69FF}
		{9594AAAA-0821-465D-85A8-54919ECF69FF} = {7F93A57C-29A1-4AD0-B362-1278FEEF8B1F}
		{46D1EFBE-6080-4B6E-A542-07C6BED89110} = {7F93A57C-29A1-4AD0-B362-1278FEEF8B1F}
		{A3E14435-F0B6-4983-A47B-74D3F9829BA9} = {7F93A57C-29A1-4AD0-B362-1278FEEF8B1F}
		{7C27B86B-C07A-457B-AACC-AA45D6CD29D1} = {7F93A57C-29A1-4AD0-B362-1278FEEF8B1F}
		{42F3C9E6-0C82-41C8-A910-B5560DCE2036} = {46D1EFBE-6080-4B6E-A542-07C6BED89110}
		{AD1E6033-9171-4C83-8463-721BE57839F8} = {46D1EFBE-6080-4B6E-A542-07C6BED89110}
		{823E8959-33E6-4CAA-9664-9017297622A2} = {A3E14435-F0B6-4983-A47B-74D3F9829BA9}
		{D81049FE-9D4B-4C8C-AC95-916A99648E66} = {7C27B86B-C07A-457B-AACC-AA45D6CD29D1}
		{C678A8F2-45D7-4A40-B8A7-670BA0634E57} = {7C27B86B-C07A-457B-AACC-AA45D6CD29D1}
		{1E61D587-83B6-496A-B813-8CE1068F3699} = {46D1EFBE-6080-4B6E-A542-07C6BED89110}
	EndGlobalSection
EndGlobal
